
Microsoft Visual Studio Solution File, Format Version 12.00
# Visual Studio Version 16
VisualStudioVersion = 16.0.30621.155
MinimumVisualStudioVersion = 10.0.40219.1
Project("{FAE04EC0-301F-11D3-BF4B-00C04F79EFBC}") = "WindowsFormsApp3", "WindowsFormsApp3\WindowsFormsApp3.csproj", "{9215F5E3-F152-4108-8891-E42D30A80F9E}"
EndProject
Global
	GlobalSection(SolutionConfigurationPlatforms) = preSolution
		Debug|Any CPU = Debug|Any CPU
		Release|Any CPU = Release|Any CPU
	EndGlobalSection
	GlobalSection(ProjectConfigurationPlatforms) = postSolution
		{9215F5E3-F152-4108-8891-E42D30A80F9E}.Debug|Any CPU.ActiveCfg = Debug|Any CPU
		{9215F5E3-F152-4108-8891-E42D30A80F9E}.Debug|Any CPU.Build.0 = Debug|Any CPU
		{9215F5E3-F152-4108-8891-E42D30A80F9E}.Release|Any CPU.ActiveCfg = Release|Any CPU
		{9215F5E3-F152-4108-8891-E42D30A80F9E}.Release|Any CPU.Build.0 = Release|Any CPU
	EndGlobalSection
	GlobalSection(SolutionProperties) = preSolution
		HideSolutionNode = FALSE
	EndGlobalSection
	GlobalSection(ExtensibilityGlobals) = postSolution
		SolutionGuid = {7CEF84FC-EF21-40EC-A27C-2E9511538D07}
	EndGlobalSection
EndGlobal
